
Microsoft Visual Studio Solution File, Format Version 12.00
# Visual Studio Version 17
VisualStudioVersion = 17.14.36414.22 d17.14
MinimumVisualStudioVersion = 10.0.40219.1
Project("{FAE04EC0-301F-11D3-BF4B-00C04F79EFBC}") = "WebApplicationLoginRegister", "WebApplicationLoginRegister\WebApplicationLoginRegister.csproj", "{E93DA544-9923-464A-A51A-2110C101339F}"
EndProject
Global
	GlobalSection(SolutionConfigurationPlatforms) = preSolution
		Debug|Any CPU = Debug|Any CPU
		Release|Any CPU = Release|Any CPU
	EndGlobalSection
	GlobalSection(ProjectConfigurationPlatforms) = postSolution
		{E93DA544-9923-464A-A51A-2110C101339F}.Debug|Any CPU.ActiveCfg = Debug|Any CPU
		{E93DA544-9923-464A-A51A-2110C101339F}.Debug|Any CPU.Build.0 = Debug|Any CPU
		{E93DA544-9923-464A-A51A-2110C101339F}.Release|Any CPU.ActiveCfg = Release|Any CPU
		{E93DA544-9923-464A-A51A-2110C101339F}.Release|Any CPU.Build.0 = Release|Any CPU
	EndGlobalSection
	GlobalSection(SolutionProperties) = preSolution
		HideSolutionNode = FALSE
	EndGlobalSection
	GlobalSection(ExtensibilityGlobals) = postSolution
		SolutionGuid = {AF3A6AE7-9A99-43DB-877D-D36012B6CBE7}
	EndGlobalSection
EndGlobal
